# This file is autogenerated, do not edit; changes may be undone by the next 'dep ensure'.


[[projects]]
  branch = "master"
  name = "github.com/keybase/go-keychain"
  packages = ["."]
  revision = "ea111bd9eaa41fcf8f0c877304cf6b32cab505ca"

[[projects]]
  name = "github.com/pkg/errors"
  packages = ["."]
  revision = "645ef00459ed84a119197bfb8d8205042c6df63d"
  version = "v0.8.0"

[solve-meta]
  analyzer-name = "dep"
  analyzer-version = 1
  inputs-digest = "e8ad1f9503f13523f8eece2ecd1a0b9a6664b7d3d14d5d9c7b701847c6f85b47"
  solver-name = "gps-cdcl"
  solver-version = 1
